
Microsoft Visual Studio Solution File, Format Version 12.00
# Visual Studio 15
VisualStudioVersion = 15.0.33026.149
MinimumVisualStudioVersion = 10.0.40219.1
Project("{FAE04EC0-301F-11D3-BF4B-00C04F79EFBC}") = "Tienda", "Tienda\Tienda.csproj", "{B4425DBC-E369-4F5A-80CB-AF0FC6F7B5A9}"
EndProject
Project("{FAE04EC0-301F-11D3-BF4B-00C04F79EFBC}") = "CapaPresentacionTienda", "CapaPresentacionTienda\CapaPresentacionTienda.csproj", "{1907A473-B0DC-409D-8B6F-293FF00545EC}"
EndProject
Global
	GlobalSection(SolutionConfigurationPlatforms) = preSolution
		Debug|Any CPU = Debug|Any CPU
		Release|Any CPU = Release|Any CPU
	EndGlobalSection
	GlobalSection(ProjectConfigurationPlatforms) = postSolution
		{B4425DBC-E369-4F5A-80CB-AF0FC6F7B5A9}.Debug|Any CPU.ActiveCfg = Debug|Any CPU
		{B4425DBC-E369-4F5A-80CB-AF0FC6F7B5A9}.Debug|Any CPU.Build.0 = Debug|Any CPU
		{B4425DBC-E369-4F5A-80CB-AF0FC6F7B5A9}.Release|Any CPU.ActiveCfg = Release|Any CPU
		{B4425DBC-E369-4F5A-80CB-AF0FC6F7B5A9}.Release|Any CPU.Build.0 = Release|Any CPU
		{1907A473-B0DC-409D-8B6F-293FF00545EC}.Debug|Any CPU.ActiveCfg = Debug|Any CPU
		{1907A473-B0DC-409D-8B6F-293FF00545EC}.Debug|Any CPU.Build.0 = Debug|Any CPU
		{1907A473-B0DC-409D-8B6F-293FF00545EC}.Release|Any CPU.ActiveCfg = Release|Any CPU
		{1907A473-B0DC-409D-8B6F-293FF00545EC}.Release|Any CPU.Build.0 = Release|Any CPU
	EndGlobalSection
	GlobalSection(SolutionProperties) = preSolution
		HideSolutionNode = FALSE
	EndGlobalSection
	GlobalSection(ExtensibilityGlobals) = postSolution
		SolutionGuid = {EF8880C2-57A9-4DD3-A15A-FAF872313E90}
	EndGlobalSection
EndGlobal
